
Microsoft Visual Studio Solution File, Format Version 12.00
# Visual Studio Version 16
VisualStudioVersion = 16.0.30611.23
MinimumVisualStudioVersion = 10.0.40219.1
Project("{2150E333-8FDC-42A3-9474-1A3956D46DE8}") = "src", "src", "{AF527E98-3DB0-4F50-923A-377C1314AE82}"
EndProject
Project("{2150E333-8FDC-42A3-9474-1A3956D46DE8}") = "Building Blocks", "Building Blocks", "{2FB0E65F-FEE5-4807-8F56-0550BB6E4D8D}"
EndProject
Project("{2150E333-8FDC-42A3-9474-1A3956D46DE8}") = "Services", "Services", "{AA2B2C49-9E32-4F04-A572-98240147BAA6}"
EndProject
Project("{2150E333-8FDC-42A3-9474-1A3956D46DE8}") = "Web", "Web", "{B00F3176-D8A2-4E5E-ACD0-A2E82F211091}"
EndProject
Project("{2150E333-8FDC-42A3-9474-1A3956D46DE8}") = "Identidade", "Identidade", "{421834AB-89DB-4ED9-A807-B61C8F693B03}"
EndProject
Project("{9A19103F-16F7-4668-BE54-9A1E7A4F7556}") = "NSE.Identidade.API", "src\services\NSE.Identidade.API\NSE.Identidade.API.csproj", "{CC1F30D6-61AC-4231-BE3B-7FBE0F54989F}"
EndProject
Project("{2150E333-8FDC-42A3-9474-1A3956D46DE8}") = "MVC", "MVC", "{4701E12C-E2DD-46CD-A2F8-7BADB98918B9}"
EndProject
Project("{9A19103F-16F7-4668-BE54-9A1E7A4F7556}") = "NSE.WebApp.MVC", "src\web\NSE.WebApp.MVC\NSE.WebApp.MVC.csproj", "{5F9BD2D9-27D0-4A62-8C08-2B06F93CD8E6}"
EndProject
Project("{2150E333-8FDC-42A3-9474-1A3956D46DE8}") = "Core", "Core", "{A7E1CE45-2FA1-41FD-BC4A-0EEA01F51882}"
EndProject
Project("{9A19103F-16F7-4668-BE54-9A1E7A4F7556}") = "NSE.Core", "src\building blocks\NSE.Core\NSE.Core.csproj", "{16391FAC-7839-4D6A-B000-2579D14CCDF3}"
EndProject
Project("{2150E333-8FDC-42A3-9474-1A3956D46DE8}") = "Carrinho", "Carrinho", "{F6238753-DB0D-499F-A4C3-1F7685137B82}"
EndProject
Project("{2150E333-8FDC-42A3-9474-1A3956D46DE8}") = "Catalogo", "Catalogo", "{61351117-7398-4E09-AACC-CDDA8F272177}"
EndProject
Project("{2150E333-8FDC-42A3-9474-1A3956D46DE8}") = "Cliente", "Cliente", "{124CE870-D6C0-4786-911D-A175A011DF98}"
EndProject
Project("{2150E333-8FDC-42A3-9474-1A3956D46DE8}") = "Pagamento", "Pagamento", "{82560457-C4B5-4C59-91D4-6938F4ED0EDF}"
EndProject
Project("{2150E333-8FDC-42A3-9474-1A3956D46DE8}") = "Pedido", "Pedido", "{0A1E46DE-0368-4F35-9B3C-D6E08339773F}"
EndProject
Project("{9A19103F-16F7-4668-BE54-9A1E7A4F7556}") = "NSE.Carrinho.API", "src\services\NSE.Carrinho.API\NSE.Carrinho.API.csproj", "{179D6A60-85FF-442E-AD58-3790A24DA768}"
EndProject
Project("{9A19103F-16F7-4668-BE54-9A1E7A4F7556}") = "NSE.Catalogo.API", "src\services\NSE.Catalogo.API\NSE.Catalogo.API.csproj", "{FDEFB70D-D261-48E2-8237-283A77DDF178}"
EndProject
Project("{9A19103F-16F7-4668-BE54-9A1E7A4F7556}") = "NSE.Clientes.API", "src\services\NSE.Cliente.API\NSE.Clientes.API.csproj", "{0D75E5D8-4155-4F2E-88FD-8BCABBF35C6D}"
EndProject
Project("{9A19103F-16F7-4668-BE54-9A1E7A4F7556}") = "NSE.Pagamento.API", "src\services\NSE.Pagamento.API\NSE.Pagamento.API.csproj", "{AE77A2C8-0F66-4230-BCE1-69A81AF07108}"
EndProject
Project("{9A19103F-16F7-4668-BE54-9A1E7A4F7556}") = "NSE.Pedidos.API", "src\services\NSE.Pedido.API\NSE.Pedidos.API.csproj", "{A4C3DE03-4A70-4686-86C2-7A6B0351466B}"
EndProject
Project("{2150E333-8FDC-42A3-9474-1A3956D46DE8}") = "Services", "Services", "{4FB1147E-AE34-44C5-BF3D-B59285FE8685}"
EndProject
Project("{9A19103F-16F7-4668-BE54-9A1E7A4F7556}") = "NSE.WebAPI.Core", "src\building blocks\NSE.WebAPI.Core\NSE.WebAPI.Core.csproj", "{9C71D0E7-393B-420A-B797-C9D0476BEE9D}"
EndProject
Project("{2150E333-8FDC-42A3-9474-1A3956D46DE8}") = "MessageBus", "MessageBus", "{C88D311B-A5BC-4EE8-A15B-BACC83D9C9B8}"
EndProject
Project("{9A19103F-16F7-4668-BE54-9A1E7A4F7556}") = "NSE.MessageBus", "src\building blocks\NSE.MessageBus\NSE.MessageBus.csproj", "{748206CA-CEA0-4E7A-BF4E-C9C4CE9C71DD}"
EndProject
Project("{2150E333-8FDC-42A3-9474-1A3956D46DE8}") = "ApiGateways", "ApiGateways", "{5137DBC5-F651-41AB-90F4-30F9FD4D8429}"
EndProject
Project("{2150E333-8FDC-42A3-9474-1A3956D46DE8}") = "Compras", "Compras", "{0CC59C49-E49C-463D-8A95-2328FCCF88CE}"
EndProject
Project("{9A19103F-16F7-4668-BE54-9A1E7A4F7556}") = "NSE.Bff.Compras", "src\api gateways\NSE.Bff.Compras\NSE.Bff.Compras.csproj", "{E171CDA3-6620-40D5-B5F2-AB81C52CA700}"
EndProject
Project("{9A19103F-16F7-4668-BE54-9A1E7A4F7556}") = "NSE.Pedidos.Domain", "src\services\NSE.Pedidos.Domain\NSE.Pedidos.Domain.csproj", "{C6171E9A-1444-4AFB-8085-EC333C079595}"
EndProject
Project("{9A19103F-16F7-4668-BE54-9A1E7A4F7556}") = "NSE.Pedidos.Infra", "src\services\NSE.Pedidos.Infra\NSE.Pedidos.Infra.csproj", "{8FF04CF0-65B6-43D1-9485-01B2A53A90A9}"
EndProject
Global
	GlobalSection(SolutionConfigurationPlatforms) = preSolution
		Debug|Any CPU = Debug|Any CPU
		Release|Any CPU = Release|Any CPU
	EndGlobalSection
	GlobalSection(ProjectConfigurationPlatforms) = postSolution
		{CC1F30D6-61AC-4231-BE3B-7FBE0F54989F}.Debug|Any CPU.ActiveCfg = Debug|Any CPU
		{CC1F30D6-61AC-4231-BE3B-7FBE0F54989F}.Debug|Any CPU.Build.0 = Debug|Any CPU
		{CC1F30D6-61AC-4231-BE3B-7FBE0F54989F}.Release|Any CPU.ActiveCfg = Release|Any CPU
		{CC1F30D6-61AC-4231-BE3B-7FBE0F54989F}.Release|Any CPU.Build.0 = Release|Any CPU
		{5F9BD2D9-27D0-4A62-8C08-2B06F93CD8E6}.Debug|Any CPU.ActiveCfg = Debug|Any CPU
		{5F9BD2D9-27D0-4A62-8C08-2B06F93CD8E6}.Debug|Any CPU.Build.0 = Debug|Any CPU
		{5F9BD2D9-27D0-4A62-8C08-2B06F93CD8E6}.Release|Any CPU.ActiveCfg = Release|Any CPU
		{5F9BD2D9-27D0-4A62-8C08-2B06F93CD8E6}.Release|Any CPU.Build.0 = Release|Any CPU
		{16391FAC-7839-4D6A-B000-2579D14CCDF3}.Debug|Any CPU.ActiveCfg = Debug|Any CPU
		{16391FAC-7839-4D6A-B000-2579D14CCDF3}.Debug|Any CPU.Build.0 = Debug|Any CPU
		{16391FAC-7839-4D6A-B000-2579D14CCDF3}.Release|Any CPU.ActiveCfg = Release|Any CPU
		{16391FAC-7839-4D6A-B000-2579D14CCDF3}.Release|Any CPU.Build.0 = Release|Any CPU
		{179D6A60-85FF-442E-AD58-3790A24DA768}.Debug|Any CPU.ActiveCfg = Debug|Any CPU
		{179D6A60-85FF-442E-AD58-3790A24DA768}.Debug|Any CPU.Build.0 = Debug|Any CPU
		{179D6A60-85FF-442E-AD58-3790A24DA768}.Release|Any CPU.ActiveCfg = Release|Any CPU
		{179D6A60-85FF-442E-AD58-3790A24DA768}.Release|Any CPU.Build.0 = Release|Any CPU
		{FDEFB70D-D261-48E2-8237-283A77DDF178}.Debug|Any CPU.ActiveCfg = Debug|Any CPU
		{FDEFB70D-D261-48E2-8237-283A77DDF178}.Debug|Any CPU.Build.0 = Debug|Any CPU
		{FDEFB70D-D261-48E2-8237-283A77DDF178}.Release|Any CPU.ActiveCfg = Release|Any CPU
		{FDEFB70D-D261-48E2-8237-283A77DDF178}.Release|Any CPU.Build.0 = Release|Any CPU
		{0D75E5D8-4155-4F2E-88FD-8BCABBF35C6D}.Debug|Any CPU.ActiveCfg = Debug|Any CPU
		{0D75E5D8-4155-4F2E-88FD-8BCABBF35C6D}.Debug|Any CPU.Build.0 = Debug|Any CPU
		{0D75E5D8-4155-4F2E-88FD-8BCABBF35C6D}.Release|Any CPU.ActiveCfg = Release|Any CPU
		{0D75E5D8-4155-4F2E-88FD-8BCABBF35C6D}.Release|Any CPU.Build.0 = Release|Any CPU
		{AE77A2C8-0F66-4230-BCE1-69A81AF07108}.Debug|Any CPU.ActiveCfg = Debug|Any CPU
		{AE77A2C8-0F66-4230-BCE1-69A81AF07108}.Debug|Any CPU.Build.0 = Debug|Any CPU
		{AE77A2C8-0F66-4230-BCE1-69A81AF07108}.Release|Any CPU.ActiveCfg = Release|Any CPU
		{AE77A2C8-0F66-4230-BCE1-69A81AF07108}.Release|Any CPU.Build.0 = Release|Any CPU
		{A4C3DE03-4A70-4686-86C2-7A6B0351466B}.Debug|Any CPU.ActiveCfg = Debug|Any CPU
		{A4C3DE03-4A70-4686-86C2-7A6B0351466B}.Debug|Any CPU.Build.0 = Debug|Any CPU
		{A4C3DE03-4A70-4686-86C2-7A6B0351466B}.Release|Any CPU.ActiveCfg = Release|Any CPU
		{A4C3DE03-4A70-4686-86C2-7A6B0351466B}.Release|Any CPU.Build.0 = Release|Any CPU
		{9C71D0E7-393B-420A-B797-C9D0476BEE9D}.Debug|Any CPU.ActiveCfg = Debug|Any CPU
		{9C71D0E7-393B-420A-B797-C9D0476BEE9D}.Debug|Any CPU.Build.0 = Debug|Any CPU
		{9C71D0E7-393B-420A-B797-C9D0476BEE9D}.Release|Any CPU.ActiveCfg = Release|Any CPU
		{9C71D0E7-393B-420A-B797-C9D0476BEE9D}.Release|Any CPU.Build.0 = Release|Any CPU
		{748206CA-CEA0-4E7A-BF4E-C9C4CE9C71DD}.Debug|Any CPU.ActiveCfg = Debug|Any CPU
		{748206CA-CEA0-4E7A-BF4E-C9C4CE9C71DD}.Debug|Any CPU.Build.0 = Debug|Any CPU
		{748206CA-CEA0-4E7A-BF4E-C9C4CE9C71DD}.Release|Any CPU.ActiveCfg = Release|Any CPU
		{748206CA-CEA0-4E7A-BF4E-C9C4CE9C71DD}.Release|Any CPU.Build.0 = Release|Any CPU
		{E171CDA3-6620-40D5-B5F2-AB81C52CA700}.Debug|Any CPU.ActiveCfg = Debug|Any CPU
		{E171CDA3-6620-40D5-B5F2-AB81C52CA700}.Debug|Any CPU.Build.0 = Debug|Any CPU
		{E171CDA3-6620-40D5-B5F2-AB81C52CA700}.Release|Any CPU.ActiveCfg = Release|Any CPU
		{E171CDA3-6620-40D5-B5F2-AB81C52CA700}.Release|Any CPU.Build.0 = Release|Any CPU
		{C6171E9A-1444-4AFB-8085-EC333C079595}.Debug|Any CPU.ActiveCfg = Debug|Any CPU
		{C6171E9A-1444-4AFB-8085-EC333C079595}.Debug|Any CPU.Build.0 = Debug|Any CPU
		{C6171E9A-1444-4AFB-8085-EC333C079595}.Release|Any CPU.ActiveCfg = Release|Any CPU
		{C6171E9A-1444-4AFB-8085-EC333C079595}.Release|Any CPU.Build.0 = Release|Any CPU
		{8FF04CF0-65B6-43D1-9485-01B2A53A90A9}.Debug|Any CPU.ActiveCfg = Debug|Any CPU
		{8FF04CF0-65B6-43D1-9485-01B2A53A90A9}.Debug|Any CPU.Build.0 = Debug|Any CPU
		{8FF04CF0-65B6-43D1-9485-01B2A53A90A9}.Release|Any CPU.ActiveCfg = Release|Any CPU
		{8FF04CF0-65B6-43D1-9485-01B2A53A90A9}.Release|Any CPU.Build.0 = Release|Any CPU
	EndGlobalSection
	GlobalSection(SolutionProperties) = preSolution
		HideSolutionNode = FALSE
	EndGlobalSection
	GlobalSection(NestedProjects) = preSolution
		{2FB0E65F-FEE5-4807-8F56-0550BB6E4D8D} = {AF527E98-3DB0-4F50-923A-377C1314AE82}
		{AA2B2C49-9E32-4F04-A572-98240147BAA6} = {AF527E98-3DB0-4F50-923A-377C1314AE82}
		{B00F3176-D8A2-4E5E-ACD0-A2E82F211091} = {AF527E98-3DB0-4F50-923A-377C1314AE82}
		{421834AB-89DB-4ED9-A807-B61C8F693B03} = {AA2B2C49-9E32-4F04-A572-98240147BAA6}
		{CC1F30D6-61AC-4231-BE3B-7FBE0F54989F} = {421834AB-89DB-4ED9-A807-B61C8F693B03}
		{4701E12C-E2DD-46CD-A2F8-7BADB98918B9} = {B00F3176-D8A2-4E5E-ACD0-A2E82F211091}
		{5F9BD2D9-27D0-4A62-8C08-2B06F93CD8E6} = {4701E12C-E2DD-46CD-A2F8-7BADB98918B9}
		{A7E1CE45-2FA1-41FD-BC4A-0EEA01F51882} = {2FB0E65F-FEE5-4807-8F56-0550BB6E4D8D}
		{16391FAC-7839-4D6A-B000-2579D14CCDF3} = {A7E1CE45-2FA1-41FD-BC4A-0EEA01F51882}
		{F6238753-DB0D-499F-A4C3-1F7685137B82} = {AA2B2C49-9E32-4F04-A572-98240147BAA6}
		{61351117-7398-4E09-AACC-CDDA8F272177} = {AA2B2C49-9E32-4F04-A572-98240147BAA6}
		{124CE870-D6C0-4786-911D-A175A011DF98} = {AA2B2C49-9E32-4F04-A572-98240147BAA6}
		{82560457-C4B5-4C59-91D4-6938F4ED0EDF} = {AA2B2C49-9E32-4F04-A572-98240147BAA6}
		{0A1E46DE-0368-4F35-9B3C-D6E08339773F} = {AA2B2C49-9E32-4F04-A572-98240147BAA6}
		{179D6A60-85FF-442E-AD58-3790A24DA768} = {F6238753-DB0D-499F-A4C3-1F7685137B82}
		{FDEFB70D-D261-48E2-8237-283A77DDF178} = {61351117-7398-4E09-AACC-CDDA8F272177}
		{0D75E5D8-4155-4F2E-88FD-8BCABBF35C6D} = {124CE870-D6C0-4786-911D-A175A011DF98}
		{AE77A2C8-0F66-4230-BCE1-69A81AF07108} = {82560457-C4B5-4C59-91D4-6938F4ED0EDF}
		{A4C3DE03-4A70-4686-86C2-7A6B0351466B} = {0A1E46DE-0368-4F35-9B3C-D6E08339773F}
		{4FB1147E-AE34-44C5-BF3D-B59285FE8685} = {2FB0E65F-FEE5-4807-8F56-0550BB6E4D8D}
		{9C71D0E7-393B-420A-B797-C9D0476BEE9D} = {4FB1147E-AE34-44C5-BF3D-B59285FE8685}
		{C88D311B-A5BC-4EE8-A15B-BACC83D9C9B8} = {2FB0E65F-FEE5-4807-8F56-0550BB6E4D8D}
		{748206CA-CEA0-4E7A-BF4E-C9C4CE9C71DD} = {C88D311B-A5BC-4EE8-A15B-BACC83D9C9B8}
		{5137DBC5-F651-41AB-90F4-30F9FD4D8429} = {AF527E98-3DB0-4F50-923A-377C1314AE82}
		{0CC59C49-E49C-463D-8A95-2328FCCF88CE} = {5137DBC5-F651-41AB-90F4-30F9FD4D8429}
		{E171CDA3-6620-40D5-B5F2-AB81C52CA700} = {0CC59C49-E49C-463D-8A95-2328FCCF88CE}
		{C6171E9A-1444-4AFB-8085-EC333C079595} = {0A1E46DE-0368-4F35-9B3C-D6E08339773F}
		{8FF04CF0-65B6-43D1-9485-01B2A53A90A9} = {0A1E46DE-0368-4F35-9B3C-D6E08339773F}
	EndGlobalSection
	GlobalSection(ExtensibilityGlobals) = postSolution
		SolutionGuid = {760F1962-5CD4-4CE5-AA9E-7959CF1C1F10}
	EndGlobalSection
EndGlobal
